# This file was autogenerated by Stack.
# You should not edit this file by hand.
# For more information, please see the documentation at:
#   https://docs.haskellstack.org/en/stable/lock_files

packages: []
snapshots:
- completed:
    sha256: 9450cb7197cfbba29995cccd552adaaac4f4e67a3fe987822fabe8136b675e9a
    size: 695329
    url: https://raw.githubusercontent.com/commercialhaskell/stackage-snapshots/master/nightly/2023/10/17.yaml
  original: nightly-2023-10-17
